// !$*UTF8*$!
{
	archiveVersion = 1;
	classes = {
	};
	objectVersion = 55;
	objects = {

/* Begin PBXBuildFile section */
		383EE6B39C0B9724539B386A /* Pods_SuperEasyAppHammer.framework in Frameworks */ = {isa = PBXBuildFile; fileRef = 4BC21EF45EF5D72DCC142A5D /* Pods_SuperEasyAppHammer.framework */; };
		8D506A2529DA8DA300C42C91 /* AppDelegate.swift in Sources */ = {isa = PBXBuildFile; fileRef = 8D506A2429DA8DA300C42C91 /* AppDelegate.swift */; };
		8D506A2729DA8DA300C42C91 /* SceneDelegate.swift in Sources */ = {isa = PBXBuildFile; fileRef = 8D506A2629DA8DA300C42C91 /* SceneDelegate.swift */; };
		8D506A2929DA8DA300C42C91 /* MenuViewController.swift in Sources */ = {isa = PBXBuildFile; fileRef = 8D506A2829DA8DA300C42C91 /* MenuViewController.swift */; };
		8D506A2E29DA8DA600C42C91 /* Assets.xcassets in Resources */ = {isa = PBXBuildFile; fileRef = 8D506A2D29DA8DA600C42C91 /* Assets.xcassets */; };
		8D506A3129DA8DA600C42C91 /* LaunchScreen.storyboard in Resources */ = {isa = PBXBuildFile; fileRef = 8D506A2F29DA8DA600C42C91 /* LaunchScreen.storyboard */; };
		8D506A3D29DA919000C42C91 /* Needle.generated.swift in Sources */ = {isa = PBXBuildFile; fileRef = 8D506A3C29DA919000C42C91 /* Needle.generated.swift */; };
		8D506A3F29DA928100C42C91 /* RootComponent.swift in Sources */ = {isa = PBXBuildFile; fileRef = 8D506A3E29DA928100C42C91 /* RootComponent.swift */; };
		8D506A4129DA95AB00C42C91 /* MenuScreenComponent.swift in Sources */ = {isa = PBXBuildFile; fileRef = 8D506A4029DA95AB00C42C91 /* MenuScreenComponent.swift */; };
		8D506A4429DAA2FB00C42C91 /* TapBarController.swift in Sources */ = {isa = PBXBuildFile; fileRef = 8D506A4329DAA2FB00C42C91 /* TapBarController.swift */; };
		8D506A4629DAA3B400C42C91 /* TapBarControllerComponent.swift in Sources */ = {isa = PBXBuildFile; fileRef = 8D506A4529DAA3B400C42C91 /* TapBarControllerComponent.swift */; };
/* End PBXBuildFile section */

/* Begin PBXFileReference section */
		14262464F9150C8B639F6065 /* Pods-SuperEasyAppHammer.release.xcconfig */ = {isa = PBXFileReference; includeInIndex = 1; lastKnownFileType = text.xcconfig; name = "Pods-SuperEasyAppHammer.release.xcconfig"; path = "Target Support Files/Pods-SuperEasyAppHammer/Pods-SuperEasyAppHammer.release.xcconfig"; sourceTree = "<group>"; };
		4BC21EF45EF5D72DCC142A5D /* Pods_SuperEasyAppHammer.framework */ = {isa = PBXFileReference; explicitFileType = wrapper.framework; includeInIndex = 0; path = Pods_SuperEasyAppHammer.framework; sourceTree = BUILT_PRODUCTS_DIR; };
		8D506A2129DA8DA300C42C91 /* SuperEasyAppHammer.app */ = {isa = PBXFileReference; explicitFileType = wrapper.application; includeInIndex = 0; path = SuperEasyAppHammer.app; sourceTree = BUILT_PRODUCTS_DIR; };
		8D506A2429DA8DA300C42C91 /* AppDelegate.swift */ = {isa = PBXFileReference; lastKnownFileType = sourcecode.swift; path = AppDelegate.swift; sourceTree = "<group>"; };
		8D506A2629DA8DA300C42C91 /* SceneDelegate.swift */ = {isa = PBXFileReference; lastKnownFileType = sourcecode.swift; path = SceneDelegate.swift; sourceTree = "<group>"; };
		8D506A2829DA8DA300C42C91 /* MenuViewController.swift */ = {isa = PBXFileReference; lastKnownFileType = sourcecode.swift; path = MenuViewController.swift; sourceTree = "<group>"; };
		8D506A2D29DA8DA600C42C91 /* Assets.xcassets */ = {isa = PBXFileReference; lastKnownFileType = folder.assetcatalog; path = Assets.xcassets; sourceTree = "<group>"; };
		8D506A3029DA8DA600C42C91 /* Base */ = {isa = PBXFileReference; lastKnownFileType = file.storyboard; name = Base; path = Base.lproj/LaunchScreen.storyboard; sourceTree = "<group>"; };
		8D506A3229DA8DA600C42C91 /* Info.plist */ = {isa = PBXFileReference; lastKnownFileType = text.plist.xml; path = Info.plist; sourceTree = "<group>"; };
		8D506A3C29DA919000C42C91 /* Needle.generated.swift */ = {isa = PBXFileReference; fileEncoding = 4; lastKnownFileType = sourcecode.swift; path = Needle.generated.swift; sourceTree = "<group>"; };
		8D506A3E29DA928100C42C91 /* RootComponent.swift */ = {isa = PBXFileReference; lastKnownFileType = sourcecode.swift; path = RootComponent.swift; sourceTree = "<group>"; };
		8D506A4029DA95AB00C42C91 /* MenuScreenComponent.swift */ = {isa = PBXFileReference; lastKnownFileType = sourcecode.swift; path = MenuScreenComponent.swift; sourceTree = "<group>"; };
		8D506A4329DAA2FB00C42C91 /* TapBarController.swift */ = {isa = PBXFileReference; lastKnownFileType = sourcecode.swift; path = TapBarController.swift; sourceTree = "<group>"; };
		8D506A4529DAA3B400C42C91 /* TapBarControllerComponent.swift */ = {isa = PBXFileReference; lastKnownFileType = sourcecode.swift; path = TapBarControllerComponent.swift; sourceTree = "<group>"; };
		92BFF633A4626CB2D4EFEF25 /* Pods-SuperEasyAppHammer.debug.xcconfig */ = {isa = PBXFileReference; includeInIndex = 1; lastKnownFileType = text.xcconfig; name = "Pods-SuperEasyAppHammer.debug.xcconfig"; path = "Target Support Files/Pods-SuperEasyAppHammer/Pods-SuperEasyAppHammer.debug.xcconfig"; sourceTree = "<group>"; };
/* End PBXFileReference section */

/* Begin PBXFrameworksBuildPhase section */
		8D506A1E29DA8DA300C42C91 /* Frameworks */ = {
			isa = PBXFrameworksBuildPhase;
			buildActionMask = 2147483647;
			files = (
				383EE6B39C0B9724539B386A /* Pods_SuperEasyAppHammer.framework in Frameworks */,
			);
			runOnlyForDeploymentPostprocessing = 0;
		};
/* End PBXFrameworksBuildPhase section */

/* Begin PBXGroup section */
		4E8C6EBD9E0ACDB9CB04E536 /* Pods */ = {
			isa = PBXGroup;
			children = (
				92BFF633A4626CB2D4EFEF25 /* Pods-SuperEasyAppHammer.debug.xcconfig */,
				14262464F9150C8B639F6065 /* Pods-SuperEasyAppHammer.release.xcconfig */,
			);
			path = Pods;
			sourceTree = "<group>";
		};
		8D506A1829DA8DA300C42C91 = {
			isa = PBXGroup;
			children = (
				8D506A2329DA8DA300C42C91 /* SuperEasyAppHammer */,
				8D506A2229DA8DA300C42C91 /* Products */,
				4E8C6EBD9E0ACDB9CB04E536 /* Pods */,
				B8EEA826348D5CCD89C3F4C7 /* Frameworks */,
			);
			sourceTree = "<group>";
		};
		8D506A2229DA8DA300C42C91 /* Products */ = {
			isa = PBXGroup;
			children = (
				8D506A2129DA8DA300C42C91 /* SuperEasyAppHammer.app */,
			);
			name = Products;
			sourceTree = "<group>";
		};
		8D506A2329DA8DA300C42C91 /* SuperEasyAppHammer */ = {
			isa = PBXGroup;
			children = (
				8D506A3E29DA928100C42C91 /* RootComponent.swift */,
				8D506A3A29DA905500C42C91 /* Generated */,
				8D506A3929DA900E00C42C91 /* Standard */,
				8D506A4729DAA87E00C42C91 /* TapBarController */,
				8D506A3829DA8FFD00C42C91 /* MenuScreen */,
				8D506A2D29DA8DA600C42C91 /* Assets.xcassets */,
				8D506A2F29DA8DA600C42C91 /* LaunchScreen.storyboard */,
				8D506A3229DA8DA600C42C91 /* Info.plist */,
			);
			path = SuperEasyAppHammer;
			sourceTree = "<group>";
		};
		8D506A3829DA8FFD00C42C91 /* MenuScreen */ = {
			isa = PBXGroup;
			children = (
				8D506A4029DA95AB00C42C91 /* MenuScreenComponent.swift */,
				8D506A2829DA8DA300C42C91 /* MenuViewController.swift */,
			);
			path = MenuScreen;
			sourceTree = "<group>";
		};
		8D506A3929DA900E00C42C91 /* Standard */ = {
			isa = PBXGroup;
			children = (
				8D506A2429DA8DA300C42C91 /* AppDelegate.swift */,
				8D506A2629DA8DA300C42C91 /* SceneDelegate.swift */,
			);
			path = Standard;
			sourceTree = "<group>";
		};
		8D506A3A29DA905500C42C91 /* Generated */ = {
			isa = PBXGroup;
			children = (
				8D506A3C29DA919000C42C91 /* Needle.generated.swift */,
			);
			path = Generated;
			sourceTree = "<group>";
		};
		8D506A4729DAA87E00C42C91 /* TapBarController */ = {
			isa = PBXGroup;
			children = (
				8D506A4329DAA2FB00C42C91 /* TapBarController.swift */,
				8D506A4529DAA3B400C42C91 /* TapBarControllerComponent.swift */,
			);
			path = TapBarController;
			sourceTree = "<group>";
		};
		B8EEA826348D5CCD89C3F4C7 /* Frameworks */ = {
			isa = PBXGroup;
			children = (
				4BC21EF45EF5D72DCC142A5D /* Pods_SuperEasyAppHammer.framework */,
			);
			name = Frameworks;
			sourceTree = "<group>";
		};
/* End PBXGroup section */

/* Begin PBXNativeTarget section */
		8D506A2029DA8DA300C42C91 /* SuperEasyAppHammer */ = {
			isa = PBXNativeTarget;
			buildConfigurationList = 8D506A3529DA8DA600C42C91 /* Build configuration list for PBXNativeTarget "SuperEasyAppHammer" */;
			buildPhases = (
				CC6712184C4FF7D862A1E722 /* [CP] Check Pods Manifest.lock */,
				8D506A3B29DA90FF00C42C91 /* Needle */,
				8D506A1D29DA8DA300C42C91 /* Sources */,
				8D506A1E29DA8DA300C42C91 /* Frameworks */,
				8D506A1F29DA8DA300C42C91 /* Resources */,
				DE227F6CAFBFF48C5C7F64DB /* [CP] Embed Pods Frameworks */,
			);
			buildRules = (
			);
			dependencies = (
			);
			name = SuperEasyAppHammer;
			productName = SuperEasyAppHammer;
			productReference = 8D506A2129DA8DA300C42C91 /* SuperEasyAppHammer.app */;
			productType = "com.apple.product-type.application";
		};
/* End PBXNativeTarget section */

/* Begin PBXProject section */
		8D506A1929DA8DA300C42C91 /* Project object */ = {
			isa = PBXProject;
			attributes = {
				BuildIndependentTargetsInParallel = 1;
				LastSwiftUpdateCheck = 1340;
				LastUpgradeCheck = 1340;
				TargetAttributes = {
					8D506A2029DA8DA300C42C91 = {
						CreatedOnToolsVersion = 13.4.1;
					};
				};
			};
			buildConfigurationList = 8D506A1C29DA8DA300C42C91 /* Build configuration list for PBXProject "SuperEasyAppHammer" */;
			compatibilityVersion = "Xcode 13.0";
			developmentRegion = en;
			hasScannedForEncodings = 0;
			knownRegions = (
				en,
				Base,
			);
			mainGroup = 8D506A1829DA8DA300C42C91;
			productRefGroup = 8D506A2229DA8DA300C42C91 /* Products */;
			projectDirPath = "";
			projectRoot = "";
			targets = (
				8D506A2029DA8DA300C42C91 /* SuperEasyAppHammer */,
			);
		};
/* End PBXProject section */

/* Begin PBXResourcesBuildPhase section */
		8D506A1F29DA8DA300C42C91 /* Resources */ = {
			isa = PBXResourcesBuildPhase;
			buildActionMask = 2147483647;
			files = (
				8D506A3129DA8DA600C42C91 /* LaunchScreen.storyboard in Resources */,
				8D506A2E29DA8DA600C42C91 /* Assets.xcassets in Resources */,
			);
			runOnlyForDeploymentPostprocessing = 0;
		};
/* End PBXResourcesBuildPhase section */

/* Begin PBXShellScriptBuildPhase section */
		8D506A3B29DA90FF00C42C91 /* Needle */ = {
			isa = PBXShellScriptBuildPhase;
			alwaysOutOfDate = 1;
			buildActionMask = 2147483647;
			files = (
			);
			inputFileListPaths = (
			);
			inputPaths = (
			);
			name = Needle;
			outputFileListPaths = (
			);
			outputPaths = (
				$SRCROOT/SuperEasyAppHammer/Generated/Needle.generated.swift,
			);
			runOnlyForDeploymentPostprocessing = 0;
			shellPath = /bin/sh;
			shellScript = "export PATH=\"$PATH:/opt/homebrew/bin\"\n\nif which needle; then\n    SOURCEKIT_LOGGING=0 && needle generate SuperEasyAppHammer/Generated/Needle.generated.swift SuperEasyAppHammer/\nelse\n  echo \"warning: Needle not installed, download from https://github.com/uber/needle using Homebrew\"\nfi\n\n";
		};
		CC6712184C4FF7D862A1E722 /* [CP] Check Pods Manifest.lock */ = {
			isa = PBXShellScriptBuildPhase;
			buildActionMask = 2147483647;
			files = (
			);
			inputFileListPaths = (
			);
			inputPaths = (
				"${PODS_PODFILE_DIR_PATH}/Podfile.lock",
				"${PODS_ROOT}/Manifest.lock",
			);
			name = "[CP] Check Pods Manifest.lock";
			outputFileListPaths = (
			);
			outputPaths = (
				"$(DERIVED_FILE_DIR)/Pods-SuperEasyAppHammer-checkManifestLockResult.txt",
			);
			runOnlyForDeploymentPostprocessing = 0;
			shellPath = /bin/sh;
			shellScript = "diff \"${PODS_PODFILE_DIR_PATH}/Podfile.lock\" \"${PODS_ROOT}/Manifest.lock\" > /dev/null\nif [ $? != 0 ] ; then\n    # print error to STDERR\n    echo \"error: The sandbox is not in sync with the Podfile.lock. Run 'pod install' or update your CocoaPods installation.\" >&2\n    exit 1\nfi\n# This output is used by Xcode 'outputs' to avoid re-running this script phase.\necho \"SUCCESS\" > \"${SCRIPT_OUTPUT_FILE_0}\"\n";
			showEnvVarsInLog = 0;
		};
		DE227F6CAFBFF48C5C7F64DB /* [CP] Embed Pods Frameworks */ = {
			isa = PBXShellScriptBuildPhase;
			buildActionMask = 2147483647;
			files = (
			);
			inputFileListPaths = (
				"${PODS_ROOT}/Target Support Files/Pods-SuperEasyAppHammer/Pods-SuperEasyAppHammer-frameworks-${CONFIGURATION}-input-files.xcfilelist",
			);
			name = "[CP] Embed Pods Frameworks";
			outputFileListPaths = (
				"${PODS_ROOT}/Target Support Files/Pods-SuperEasyAppHammer/Pods-SuperEasyAppHammer-frameworks-${CONFIGURATION}-output-files.xcfilelist",
			);
			runOnlyForDeploymentPostprocessing = 0;
			shellPath = /bin/sh;
			shellScript = "\"${PODS_ROOT}/Target Support Files/Pods-SuperEasyAppHammer/Pods-SuperEasyAppHammer-frameworks.sh\"\n";
			showEnvVarsInLog = 0;
		};
/* End PBXShellScriptBuildPhase section */

/* Begin PBXSourcesBuildPhase section */
		8D506A1D29DA8DA300C42C91 /* Sources */ = {
			isa = PBXSourcesBuildPhase;
			buildActionMask = 2147483647;
			files = (
				8D506A2929DA8DA300C42C91 /* MenuViewController.swift in Sources */,
				8D506A4429DAA2FB00C42C91 /* TapBarController.swift in Sources */,
				8D506A2529DA8DA300C42C91 /* AppDelegate.swift in Sources */,
				8D506A4629DAA3B400C42C91 /* TapBarControllerComponent.swift in Sources */,
				8D506A4129DA95AB00C42C91 /* MenuScreenComponent.swift in Sources */,
				8D506A2729DA8DA300C42C91 /* SceneDelegate.swift in Sources */,
				8D506A3F29DA928100C42C91 /* RootComponent.swift in Sources */,
				8D506A3D29DA919000C42C91 /* Needle.generated.swift in Sources */,
			);
			runOnlyForDeploymentPostprocessing = 0;
		};
/* End PBXSourcesBuildPhase section */

/* Begin PBXVariantGroup section */
		8D506A2F29DA8DA600C42C91 /* LaunchScreen.storyboard */ = {
			isa = PBXVariantGroup;
			children = (
				8D506A3029DA8DA600C42C91 /* Base */,
			);
			name = LaunchScreen.storyboard;
			sourceTree = "<group>";
		};
/* End PBXVariantGroup section */

/* Begin XCBuildConfiguration section */
		8D506A3329DA8DA600C42C91 /* Debug */ = {
			isa = XCBuildConfiguration;
			buildSettings = {
				ALWAYS_SEARCH_USER_PATHS = NO;
				CLANG_ANALYZER_NONNULL = YES;
				CLANG_ANALYZER_NUMBER_OBJECT_CONVERSION = YES_AGGRESSIVE;
				CLANG_CXX_LANGUAGE_STANDARD = "gnu++17";
				CLANG_ENABLE_MODULES = YES;
				CLANG_ENABLE_OBJC_ARC = YES;
				CLANG_ENABLE_OBJC_WEAK = YES;
				CLANG_WARN_BLOCK_CAPTURE_AUTORELEASING = YES;
				CLANG_WARN_BOOL_CONVERSION = YES;
				CLANG_WARN_COMMA = YES;
				CLANG_WARN_CONSTANT_CONVERSION = YES;
				CLANG_WARN_DEPRECATED_OBJC_IMPLEMENTATIONS = YES;
				CLANG_WARN_DIRECT_OBJC_ISA_USAGE = YES_ERROR;
				CLANG_WARN_DOCUMENTATION_COMMENTS = YES;
				CLANG_WARN_EMPTY_BODY = YES;
				CLANG_WARN_ENUM_CONVERSION = YES;
				CLANG_WARN_INFINITE_RECURSION = YES;
				CLANG_WARN_INT_CONVERSION = YES;
				CLANG_WARN_NON_LITERAL_NULL_CONVERSION = YES;
				CLANG_WARN_OBJC_IMPLICIT_RETAIN_SELF = YES;
				CLANG_WARN_OBJC_LITERAL_CONVERSION = YES;
				CLANG_WARN_OBJC_ROOT_CLASS = YES_ERROR;
				CLANG_WARN_QUOTED_INCLUDE_IN_FRAMEWORK_HEADER = YES;
				CLANG_WARN_RANGE_LOOP_ANALYSIS = YES;
				CLANG_WARN_STRICT_PROTOTYPES = YES;
				CLANG_WARN_SUSPICIOUS_MOVE = YES;
				CLANG_WARN_UNGUARDED_AVAILABILITY = YES_AGGRESSIVE;
				CLANG_WARN_UNREACHABLE_CODE = YES;
				CLANG_WARN__DUPLICATE_METHOD_MATCH = YES;
				COPY_PHASE_STRIP = NO;
				DEBUG_INFORMATION_FORMAT = dwarf;
				ENABLE_STRICT_OBJC_MSGSEND = YES;
				ENABLE_TESTABILITY = YES;
				GCC_C_LANGUAGE_STANDARD = gnu11;
				GCC_DYNAMIC_NO_PIC = NO;
				GCC_NO_COMMON_BLOCKS = YES;
				GCC_OPTIMIZATION_LEVEL = 0;
				GCC_PREPROCESSOR_DEFINITIONS = (
					"DEBUG=1",
					"$(inherited)",
				);
				GCC_WARN_64_TO_32_BIT_CONVERSION = YES;
				GCC_WARN_ABOUT_RETURN_TYPE = YES_ERROR;
				GCC_WARN_UNDECLARED_SELECTOR = YES;
				GCC_WARN_UNINITIALIZED_AUTOS = YES_AGGRESSIVE;
				GCC_WARN_UNUSED_FUNCTION = YES;
				GCC_WARN_UNUSED_VARIABLE = YES;
				IPHONEOS_DEPLOYMENT_TARGET = 15.5;
				MTL_ENABLE_DEBUG_INFO = INCLUDE_SOURCE;
				MTL_FAST_MATH = YES;
				ONLY_ACTIVE_ARCH = YES;
				SDKROOT = iphoneos;
				SWIFT_ACTIVE_COMPILATION_CONDITIONS = DEBUG;
				SWIFT_OPTIMIZATION_LEVEL = "-Onone";
			};
			name = Debug;
		};
		8D506A3429DA8DA600C42C91 /* Release */ = {
			isa = XCBuildConfiguration;
			buildSettings = {
				ALWAYS_SEARCH_USER_PATHS = NO;
				CLANG_ANALYZER_NONNULL = YES;
				CLANG_ANALYZER_NUMBER_OBJECT_CONVERSION = YES_AGGRESSIVE;
				CLANG_CXX_LANGUAGE_STANDARD = "gnu++17";
				CLANG_ENABLE_MODULES = YES;
				CLANG_ENABLE_OBJC_ARC = YES;
				CLANG_ENABLE_OBJC_WEAK = YES;
				CLANG_WARN_BLOCK_CAPTURE_AUTORELEASING = YES;
				CLANG_WARN_BOOL_CONVERSION = YES;
				CLANG_WARN_COMMA = YES;
				CLANG_WARN_CONSTANT_CONVERSION = YES;
				CLANG_WARN_DEPRECATED_OBJC_IMPLEMENTATIONS = YES;
				CLANG_WARN_DIRECT_OBJC_ISA_USAGE = YES_ERROR;
				CLANG_WARN_DOCUMENTATION_COMMENTS = YES;
				CLANG_WARN_EMPTY_BODY = YES;
				CLANG_WARN_ENUM_CONVERSION = YES;
				CLANG_WARN_INFINITE_RECURSION = YES;
				CLANG_WARN_INT_CONVERSION = YES;
				CLANG_WARN_NON_LITERAL_NULL_CONVERSION = YES;
				CLANG_WARN_OBJC_IMPLICIT_RETAIN_SELF = YES;
				CLANG_WARN_OBJC_LITERAL_CONVERSION = YES;
				CLANG_WARN_OBJC_ROOT_CLASS = YES_ERROR;
				CLANG_WARN_QUOTED_INCLUDE_IN_FRAMEWORK_HEADER = YES;
				CLANG_WARN_RANGE_LOOP_ANALYSIS = YES;
				CLANG_WARN_STRICT_PROTOTYPES = YES;
				CLANG_WARN_SUSPICIOUS_MOVE = YES;
				CLANG_WARN_UNGUARDED_AVAILABILITY = YES_AGGRESSIVE;
				CLANG_WARN_UNREACHABLE_CODE = YES;
				CLANG_WARN__DUPLICATE_METHOD_MATCH = YES;
				COPY_PHASE_STRIP = NO;
				DEBUG_INFORMATION_FORMAT = "dwarf-with-dsym";
				ENABLE_NS_ASSERTIONS = NO;
				ENABLE_STRICT_OBJC_MSGSEND = YES;
				GCC_C_LANGUAGE_STANDARD = gnu11;
				GCC_NO_COMMON_BLOCKS = YES;
				GCC_WARN_64_TO_32_BIT_CONVERSION = YES;
				GCC_WARN_ABOUT_RETURN_TYPE = YES_ERROR;
				GCC_WARN_UNDECLARED_SELECTOR = YES;
				GCC_WARN_UNINITIALIZED_AUTOS = YES_AGGRESSIVE;
				GCC_WARN_UNUSED_FUNCTION = YES;
				GCC_WARN_UNUSED_VARIABLE = YES;
				IPHONEOS_DEPLOYMENT_TARGET = 15.5;
				MTL_ENABLE_DEBUG_INFO = NO;
				MTL_FAST_MATH = YES;
				SDKROOT = iphoneos;
				SWIFT_COMPILATION_MODE = wholemodule;
				SWIFT_OPTIMIZATION_LEVEL = "-O";
				VALIDATE_PRODUCT = YES;
			};
			name = Release;
		};
		8D506A3629DA8DA600C42C91 /* Debug */ = {
			isa = XCBuildConfiguration;
			baseConfigurationReference = 92BFF633A4626CB2D4EFEF25 /* Pods-SuperEasyAppHammer.debug.xcconfig */;
			buildSettings = {
				ASSETCATALOG_COMPILER_APPICON_NAME = AppIcon;
				ASSETCATALOG_COMPILER_GLOBAL_ACCENT_COLOR_NAME = AccentColor;
				CODE_SIGN_STYLE = Automatic;
				CURRENT_PROJECT_VERSION = 1;
				DEVELOPMENT_TEAM = 2XVH7P8Y4Z;
				GENERATE_INFOPLIST_FILE = YES;
				INFOPLIST_FILE = SuperEasyAppHammer/Info.plist;
				INFOPLIST_KEY_UIApplicationSupportsIndirectInputEvents = YES;
				INFOPLIST_KEY_UILaunchStoryboardName = LaunchScreen;
				INFOPLIST_KEY_UISupportedInterfaceOrientations_iPad = "UIInterfaceOrientationPortrait UIInterfaceOrientationPortraitUpsideDown UIInterfaceOrientationLandscapeLeft UIInterfaceOrientationLandscapeRight";
				INFOPLIST_KEY_UISupportedInterfaceOrientations_iPhone = "UIInterfaceOrientationPortrait UIInterfaceOrientationLandscapeLeft UIInterfaceOrientationLandscapeRight";
				IPHONEOS_DEPLOYMENT_TARGET = 13.0;
				LD_RUNPATH_SEARCH_PATHS = (
					"$(inherited)",
					"@executable_path/Frameworks",
				);
				MARKETING_VERSION = 1.0;
				PRODUCT_BUNDLE_IDENTIFIER = None.SuperEasyAppHammer;
				PRODUCT_NAME = "$(TARGET_NAME)";
				SWIFT_EMIT_LOC_STRINGS = YES;
				SWIFT_VERSION = 5.0;
				TARGETED_DEVICE_FAMILY = 1;
			};
			name = Debug;
		};
		8D506A3729DA8DA600C42C91 /* Release */ = {
			isa = XCBuildConfiguration;
			baseConfigurationReference = 14262464F9150C8B639F6065 /* Pods-SuperEasyAppHammer.release.xcconfig */;
			buildSettings = {
				ASSETCATALOG_COMPILER_APPICON_NAME = AppIcon;
				ASSETCATALOG_COMPILER_GLOBAL_ACCENT_COLOR_NAME = AccentColor;
				CODE_SIGN_STYLE = Automatic;
				CURRENT_PROJECT_VERSION = 1;
				DEVELOPMENT_TEAM = 2XVH7P8Y4Z;
				GENERATE_INFOPLIST_FILE = YES;
				INFOPLIST_FILE = SuperEasyAppHammer/Info.plist;
				INFOPLIST_KEY_UIApplicationSupportsIndirectInputEvents = YES;
				INFOPLIST_KEY_UILaunchStoryboardName = LaunchScreen;
				INFOPLIST_KEY_UISupportedInterfaceOrientations_iPad = "UIInterfaceOrientationPortrait UIInterfaceOrientationPortraitUpsideDown UIInterfaceOrientationLandscapeLeft UIInterfaceOrientationLandscapeRight";
				INFOPLIST_KEY_UISupportedInterfaceOrientations_iPhone = "UIInterfaceOrientationPortrait UIInterfaceOrientationLandscapeLeft UIInterfaceOrientationLandscapeRight";
				IPHONEOS_DEPLOYMENT_TARGET = 13.0;
				LD_RUNPATH_SEARCH_PATHS = (
					"$(inherited)",
					"@executable_path/Frameworks",
				);
				MARKETING_VERSION = 1.0;
				PRODUCT_BUNDLE_IDENTIFIER = None.SuperEasyAppHammer;
				PRODUCT_NAME = "$(TARGET_NAME)";
				SWIFT_EMIT_LOC_STRINGS = YES;
				SWIFT_VERSION = 5.0;
				TARGETED_DEVICE_FAMILY = 1;
			};
			name = Release;
		};
/* End XCBuildConfiguration section */

/* Begin XCConfigurationList section */
		8D506A1C29DA8DA300C42C91 /* Build configuration list for PBXProject "SuperEasyAppHammer" */ = {
			isa = XCConfigurationList;
			buildConfigurations = (
				8D506A3329DA8DA600C42C91 /* Debug */,
				8D506A3429DA8DA600C42C91 /* Release */,
			);
			defaultConfigurationIsVisible = 0;
			defaultConfigurationName = Release;
		};
		8D506A3529DA8DA600C42C91 /* Build configuration list for PBXNativeTarget "SuperEasyAppHammer" */ = {
			isa = XCConfigurationList;
			buildConfigurations = (
				8D506A3629DA8DA600C42C91 /* Debug */,
				8D506A3729DA8DA600C42C91 /* Release */,
			);
			defaultConfigurationIsVisible = 0;
			defaultConfigurationName = Release;
		};
/* End XCConfigurationList section */
	};
	rootObject = 8D506A1929DA8DA300C42C91 /* Project object */;
}
